// !$*UTF8*$!
{
	archiveVersion = 1;
	classes = {
	};
	objectVersion = 46;
	objects = {

/* Begin PBXBuildFile section */
		1F3DD0E21DC8FB4000FF741F /* AppDelegate.swift in Sources */ = {isa = PBXBuildFile; fileRef = 1F3DD0E11DC8FB4000FF741F /* AppDelegate.swift */; };
		1F3DD0E71DC8FB4000FF741F /* Main.storyboard in Resources */ = {isa = PBXBuildFile; fileRef = 1F3DD0E51DC8FB4000FF741F /* Main.storyboard */; };
		1F3DD0E91DC8FB4000FF741F /* Assets.xcassets in Resources */ = {isa = PBXBuildFile; fileRef = 1F3DD0E81DC8FB4000FF741F /* Assets.xcassets */; };
		1F3DD0EC1DC8FB4000FF741F /* LaunchScreen.storyboard in Resources */ = {isa = PBXBuildFile; fileRef = 1F3DD0EA1DC8FB4000FF741F /* LaunchScreen.storyboard */; };
		1F3DD0F41DC8FB9600FF741F /* Message.swift in Sources */ = {isa = PBXBuildFile; fileRef = 1F3DD0F31DC8FB9600FF741F /* Message.swift */; };
		1F3DD0F61DC8FE3F00FF741F /* CloudKitManager.swift in Sources */ = {isa = PBXBuildFile; fileRef = 1F3DD0F51DC8FE3F00FF741F /* CloudKitManager.swift */; };
		1F3DD0F81DC9081C00FF741F /* MessageController.swift in Sources */ = {isa = PBXBuildFile; fileRef = 1F3DD0F71DC9081C00FF741F /* MessageController.swift */; };
		1F3DD0FA1DC90DC800FF741F /* MessageListTableViewController.swift in Sources */ = {isa = PBXBuildFile; fileRef = 1F3DD0F91DC90DC800FF741F /* MessageListTableViewController.swift */; };
		1F3DD1031DC9125400FF741F /* CloudKit.framework in Frameworks */ = {isa = PBXBuildFile; fileRef = 1F3DD1021DC9125400FF741F /* CloudKit.framework */; };
/* End PBXBuildFile section */

/* Begin PBXFileReference section */
		1F3DD0DE1DC8FB4000FF741F /* BulletinBoard.app */ = {isa = PBXFileReference; explicitFileType = wrapper.application; includeInIndex = 0; path = BulletinBoard.app; sourceTree = BUILT_PRODUCTS_DIR; };
		1F3DD0E11DC8FB4000FF741F /* AppDelegate.swift */ = {isa = PBXFileReference; lastKnownFileType = sourcecode.swift; path = AppDelegate.swift; sourceTree = "<group>"; };
		1F3DD0E61DC8FB4000FF741F /* Base */ = {isa = PBXFileReference; lastKnownFileType = file.storyboard; name = Base; path = Base.lproj/Main.storyboard; sourceTree = "<group>"; };
		1F3DD0E81DC8FB4000FF741F /* Assets.xcassets */ = {isa = PBXFileReference; lastKnownFileType = folder.assetcatalog; path = Assets.xcassets; sourceTree = "<group>"; };
		1F3DD0EB1DC8FB4000FF741F /* Base */ = {isa = PBXFileReference; lastKnownFileType = file.storyboard; name = Base; path = Base.lproj/LaunchScreen.storyboard; sourceTree = "<group>"; };
		1F3DD0ED1DC8FB4000FF741F /* Info.plist */ = {isa = PBXFileReference; lastKnownFileType = text.plist.xml; path = Info.plist; sourceTree = "<group>"; };
		1F3DD0F31DC8FB9600FF741F /* Message.swift */ = {isa = PBXFileReference; fileEncoding = 4; lastKnownFileType = sourcecode.swift; path = Message.swift; sourceTree = "<group>"; };
		1F3DD0F51DC8FE3F00FF741F /* CloudKitManager.swift */ = {isa = PBXFileReference; fileEncoding = 4; lastKnownFileType = sourcecode.swift; path = CloudKitManager.swift; sourceTree = "<group>"; };
		1F3DD0F71DC9081C00FF741F /* MessageController.swift */ = {isa = PBXFileReference; fileEncoding = 4; lastKnownFileType = sourcecode.swift; path = MessageController.swift; sourceTree = "<group>"; };
		1F3DD0F91DC90DC800FF741F /* MessageListTableViewController.swift */ = {isa = PBXFileReference; fileEncoding = 4; lastKnownFileType = sourcecode.swift; path = MessageListTableViewController.swift; sourceTree = "<group>"; };
		1F3DD1001DC9123700FF741F /* BulletinBoard.entitlements */ = {isa = PBXFileReference; lastKnownFileType = text.plist.entitlements; path = BulletinBoard.entitlements; sourceTree = "<group>"; };
		1F3DD1021DC9125400FF741F /* CloudKit.framework */ = {isa = PBXFileReference; lastKnownFileType = wrapper.framework; name = CloudKit.framework; path = System/Library/Frameworks/CloudKit.framework; sourceTree = SDKROOT; };
/* End PBXFileReference section */

/* Begin PBXFrameworksBuildPhase section */
		1F3DD0DB1DC8FB4000FF741F /* Frameworks */ = {
			isa = PBXFrameworksBuildPhase;
			buildActionMask = 2147483647;
			files = (
				1F3DD1031DC9125400FF741F /* CloudKit.framework in Frameworks */,
			);
			runOnlyForDeploymentPostprocessing = 0;
		};
/* End PBXFrameworksBuildPhase section */

/* Begin PBXGroup section */
		1F3DD0D51DC8FB4000FF741F = {
			isa = PBXGroup;
			children = (
				1F3DD0E01DC8FB4000FF741F /* BulletinBoard */,
				1F3DD0DF1DC8FB4000FF741F /* Products */,
				1F3DD1011DC9125400FF741F /* Frameworks */,
			);
			sourceTree = "<group>";
		};
		1F3DD0DF1DC8FB4000FF741F /* Products */ = {
			isa = PBXGroup;
			children = (
				1F3DD0DE1DC8FB4000FF741F /* BulletinBoard.app */,
			);
			name = Products;
			sourceTree = "<group>";
		};
		1F3DD0E01DC8FB4000FF741F /* BulletinBoard */ = {
			isa = PBXGroup;
			children = (
				1F3DD1001DC9123700FF741F /* BulletinBoard.entitlements */,
				1F3DD0E11DC8FB4000FF741F /* AppDelegate.swift */,
				1F3DD0FC1DC90E0C00FF741F /* Model */,
				1F3DD0FD1DC90E1200FF741F /* ModelController */,
				1F3DD0FE1DC90E2F00FF741F /* OtherController */,
				1F3DD0FB1DC90DEF00FF741F /* Resource */,
				1F3DD0FF1DC90E4700FF741F /* ViewController */,
			);
			path = BulletinBoard;
			sourceTree = "<group>";
		};
		1F3DD0FB1DC90DEF00FF741F /* Resource */ = {
			isa = PBXGroup;
			children = (
				1F3DD0E81DC8FB4000FF741F /* Assets.xcassets */,
				1F3DD0ED1DC8FB4000FF741F /* Info.plist */,
				1F3DD0EA1DC8FB4000FF741F /* LaunchScreen.storyboard */,
				1F3DD0E51DC8FB4000FF741F /* Main.storyboard */,
			);
			name = Resource;
			sourceTree = "<group>";
		};
		1F3DD0FC1DC90E0C00FF741F /* Model */ = {
			isa = PBXGroup;
			children = (
				1F3DD0F31DC8FB9600FF741F /* Message.swift */,
			);
			name = Model;
			sourceTree = "<group>";
		};
		1F3DD0FD1DC90E1200FF741F /* ModelController */ = {
			isa = PBXGroup;
			children = (
				1F3DD0F71DC9081C00FF741F /* MessageController.swift */,
			);
			name = ModelController;
			sourceTree = "<group>";
		};
		1F3DD0FE1DC90E2F00FF741F /* OtherController */ = {
			isa = PBXGroup;
			children = (
				1F3DD0F51DC8FE3F00FF741F /* CloudKitManager.swift */,
			);
			name = OtherController;
			sourceTree = "<group>";
		};
		1F3DD0FF1DC90E4700FF741F /* ViewController */ = {
			isa = PBXGroup;
			children = (
				1F3DD0F91DC90DC800FF741F /* MessageListTableViewController.swift */,
			);
			name = ViewController;
			sourceTree = "<group>";
		};
		1F3DD1011DC9125400FF741F /* Frameworks */ = {
			isa = PBXGroup;
			children = (
				1F3DD1021DC9125400FF741F /* CloudKit.framework */,
			);
			name = Frameworks;
			sourceTree = "<group>";
		};
/* End PBXGroup section */

/* Begin PBXNativeTarget section */
		1F3DD0DD1DC8FB4000FF741F /* BulletinBoard */ = {
			isa = PBXNativeTarget;
			buildConfigurationList = 1F3DD0F01DC8FB4000FF741F /* Build configuration list for PBXNativeTarget "BulletinBoard" */;
			buildPhases = (
				1F3DD0DA1DC8FB4000FF741F /* Sources */,
				1F3DD0DB1DC8FB4000FF741F /* Frameworks */,
				1F3DD0DC1DC8FB4000FF741F /* Resources */,
			);
			buildRules = (
			);
			dependencies = (
			);
			name = BulletinBoard;
			productName = BulletinBoard;
			productReference = 1F3DD0DE1DC8FB4000FF741F /* BulletinBoard.app */;
			productType = "com.apple.product-type.application";
		};
/* End PBXNativeTarget section */

/* Begin PBXProject section */
		1F3DD0D61DC8FB4000FF741F /* Project object */ = {
			isa = PBXProject;
			attributes = {
				LastSwiftUpdateCheck = 0810;
				LastUpgradeCheck = 0810;
				ORGANIZATIONNAME = JeffCryst;
				TargetAttributes = {
					1F3DD0DD1DC8FB4000FF741F = {
						CreatedOnToolsVersion = 8.1;
						DevelopmentTeam = A6ASF988U5;
						ProvisioningStyle = Automatic;
						SystemCapabilities = {
							com.apple.Push = {
								enabled = 1;
							};
							com.apple.iCloud = {
								enabled = 1;
							};
						};
					};
				};
			};
			buildConfigurationList = 1F3DD0D91DC8FB4000FF741F /* Build configuration list for PBXProject "BulletinBoard" */;
			compatibilityVersion = "Xcode 3.2";
			developmentRegion = English;
			hasScannedForEncodings = 0;
			knownRegions = (
				en,
				Base,
			);
			mainGroup = 1F3DD0D51DC8FB4000FF741F;
			productRefGroup = 1F3DD0DF1DC8FB4000FF741F /* Products */;
			projectDirPath = "";
			projectRoot = "";
			targets = (
				1F3DD0DD1DC8FB4000FF741F /* BulletinBoard */,
			);
		};
/* End PBXProject section */

/* Begin PBXResourcesBuildPhase section */
		1F3DD0DC1DC8FB4000FF741F /* Resources */ = {
			isa = PBXResourcesBuildPhase;
			buildActionMask = 2147483647;
			files = (
				1F3DD0EC1DC8FB4000FF741F /* LaunchScreen.storyboard in Resources */,
				1F3DD0E91DC8FB4000FF741F /* Assets.xcassets in Resources */,
				1F3DD0E71DC8FB4000FF741F /* Main.storyboard in Resources */,
			);
			runOnlyForDeploymentPostprocessing = 0;
		};
/* End PBXResourcesBuildPhase section */

/* Begin PBXSourcesBuildPhase section */
		1F3DD0DA1DC8FB4000FF741F /* Sources */ = {
			isa = PBXSourcesBuildPhase;
			buildActionMask = 2147483647;
			files = (
				1F3DD0E21DC8FB4000FF741F /* AppDelegate.swift in Sources */,
				1F3DD0F41DC8FB9600FF741F /* Message.swift in Sources */,
				1F3DD0F61DC8FE3F00FF741F /* CloudKitManager.swift in Sources */,
				1F3DD0F81DC9081C00FF741F /* MessageController.swift in Sources */,
				1F3DD0FA1DC90DC800FF741F /* MessageListTableViewController.swift in Sources */,
			);
			runOnlyForDeploymentPostprocessing = 0;
		};
/* End PBXSourcesBuildPhase section */

/* Begin PBXVariantGroup section */
		1F3DD0E51DC8FB4000FF741F /* Main.storyboard */ = {
			isa = PBXVariantGroup;
			children = (
				1F3DD0E61DC8FB4000FF741F /* Base */,
			);
			name = Main.storyboard;
			sourceTree = "<group>";
		};
		1F3DD0EA1DC8FB4000FF741F /* LaunchScreen.storyboard */ = {
			isa = PBXVariantGroup;
			children = (
				1F3DD0EB1DC8FB4000FF741F /* Base */,
			);
			name = LaunchScreen.storyboard;
			sourceTree = "<group>";
		};
/* End PBXVariantGroup section */

/* Begin XCBuildConfiguration section */
		1F3DD0EE1DC8FB4000FF741F /* Debug */ = {
			isa = XCBuildConfiguration;
			buildSettings = {
				ALWAYS_SEARCH_USER_PATHS = NO;
				CLANG_ANALYZER_NONNULL = YES;
				CLANG_CXX_LANGUAGE_STANDARD = "gnu++0x";
				CLANG_CXX_LIBRARY = "libc++";
				CLANG_ENABLE_MODULES = YES;
				CLANG_ENABLE_OBJC_ARC = YES;
				CLANG_WARN_BOOL_CONVERSION = YES;
				CLANG_WARN_CONSTANT_CONVERSION = YES;
				CLANG_WARN_DIRECT_OBJC_ISA_USAGE = YES_ERROR;
				CLANG_WARN_DOCUMENTATION_COMMENTS = YES;
				CLANG_WARN_EMPTY_BODY = YES;
				CLANG_WARN_ENUM_CONVERSION = YES;
				CLANG_WARN_INFINITE_RECURSION = YES;
				CLANG_WARN_INT_CONVERSION = YES;
				CLANG_WARN_OBJC_ROOT_CLASS = YES_ERROR;
				CLANG_WARN_SUSPICIOUS_MOVES = YES;
				CLANG_WARN_UNREACHABLE_CODE = YES;
				CLANG_WARN__DUPLICATE_METHOD_MATCH = YES;
				"CODE_SIGN_IDENTITY[sdk=iphoneos*]" = "iPhone Developer";
				COPY_PHASE_STRIP = NO;
				DEBUG_INFORMATION_FORMAT = dwarf;
				ENABLE_STRICT_OBJC_MSGSEND = YES;
				ENABLE_TESTABILITY = YES;
				GCC_C_LANGUAGE_STANDARD = gnu99;
				GCC_DYNAMIC_NO_PIC = NO;
				GCC_NO_COMMON_BLOCKS = YES;
				GCC_OPTIMIZATION_LEVEL = 0;
				GCC_PREPROCESSOR_DEFINITIONS = (
					"DEBUG=1",
					"$(inherited)",
				);
				GCC_WARN_64_TO_32_BIT_CONVERSION = YES;
				GCC_WARN_ABOUT_RETURN_TYPE = YES_ERROR;
				GCC_WARN_UNDECLARED_SELECTOR = YES;
				GCC_WARN_UNINITIALIZED_AUTOS = YES_AGGRESSIVE;
				GCC_WARN_UNUSED_FUNCTION = YES;
				GCC_WARN_UNUSED_VARIABLE = YES;
				IPHONEOS_DEPLOYMENT_TARGET = 10.1;
				MTL_ENABLE_DEBUG_INFO = YES;
				ONLY_ACTIVE_ARCH = YES;
				SDKROOT = iphoneos;
				SWIFT_ACTIVE_COMPILATION_CONDITIONS = DEBUG;
				SWIFT_OPTIMIZATION_LEVEL = "-Onone";
				TARGETED_DEVICE_FAMILY = "1,2";
			};
			name = Debug;
		};
		1F3DD0EF1DC8FB4000FF741F /* Release */ = {
			isa = XCBuildConfiguration;
			buildSettings = {
				ALWAYS_SEARCH_USER_PATHS = NO;
				CLANG_ANALYZER_NONNULL = YES;
				CLANG_CXX_LANGUAGE_STANDARD = "gnu++0x";
				CLANG_CXX_LIBRARY = "libc++";
				CLANG_ENABLE_MODULES = YES;
				CLANG_ENABLE_OBJC_ARC = YES;
				CLANG_WARN_BOOL_CONVERSION = YES;
				CLANG_WARN_CONSTANT_CONVERSION = YES;
				CLANG_WARN_DIRECT_OBJC_ISA_USAGE = YES_ERROR;
				CLANG_WARN_DOCUMENTATION_COMMENTS = YES;
				CLANG_WARN_EMPTY_BODY = YES;
				CLANG_WARN_ENUM_CONVERSION = YES;
				CLANG_WARN_INFINITE_RECURSION = YES;
				CLANG_WARN_INT_CONVERSION = YES;
				CLANG_WARN_OBJC_ROOT_CLASS = YES_ERROR;
				CLANG_WARN_SUSPICIOUS_MOVES = YES;
				CLANG_WARN_UNREACHABLE_CODE = YES;
				CLANG_WARN__DUPLICATE_METHOD_MATCH = YES;
				"CODE_SIGN_IDENTITY[sdk=iphoneos*]" = "iPhone Developer";
				COPY_PHASE_STRIP = NO;
				DEBUG_INFORMATION_FORMAT = "dwarf-with-dsym";
				ENABLE_NS_ASSERTIONS = NO;
				ENABLE_STRICT_OBJC_MSGSEND = YES;
				GCC_C_LANGUAGE_STANDARD = gnu99;
				GCC_NO_COMMON_BLOCKS = YES;
				GCC_WARN_64_TO_32_BIT_CONVERSION = YES;
				GCC_WARN_ABOUT_RETURN_TYPE = YES_ERROR;
				GCC_WARN_UNDECLARED_SELECTOR = YES;
				GCC_WARN_UNINITIALIZED_AUTOS = YES_AGGRESSIVE;
				GCC_WARN_UNUSED_FUNCTION = YES;
				GCC_WARN_UNUSED_VARIABLE = YES;
				IPHONEOS_DEPLOYMENT_TARGET = 10.1;
				MTL_ENABLE_DEBUG_INFO = NO;
				SDKROOT = iphoneos;
				SWIFT_OPTIMIZATION_LEVEL = "-Owholemodule";
				TARGETED_DEVICE_FAMILY = "1,2";
				VALIDATE_PRODUCT = YES;
			};
			name = Release;
		};
		1F3DD0F11DC8FB4000FF741F /* Debug */ = {
			isa = XCBuildConfiguration;
			buildSettings = {
				ASSETCATALOG_COMPILER_APPICON_NAME = AppIcon;
				CODE_SIGN_ENTITLEMENTS = BulletinBoard/BulletinBoard.entitlements;
				DEVELOPMENT_TEAM = A6ASF988U5;
				INFOPLIST_FILE = BulletinBoard/Info.plist;
				LD_RUNPATH_SEARCH_PATHS = "$(inherited) @executable_path/Frameworks";
				PRODUCT_BUNDLE_IDENTIFIER = com.jeffcryst.BulletinBoard;
				PRODUCT_NAME = "$(TARGET_NAME)";
				SWIFT_VERSION = 3.0;
			};
			name = Debug;
		};
		1F3DD0F21DC8FB4000FF741F /* Release */ = {
			isa = XCBuildConfiguration;
			buildSettings = {
				ASSETCATALOG_COMPILER_APPICON_NAME = AppIcon;
				CODE_SIGN_ENTITLEMENTS = BulletinBoard/BulletinBoard.entitlements;
				DEVELOPMENT_TEAM = A6ASF988U5;
				INFOPLIST_FILE = BulletinBoard/Info.plist;
				LD_RUNPATH_SEARCH_PATHS = "$(inherited) @executable_path/Frameworks";
				PRODUCT_BUNDLE_IDENTIFIER = com.jeffcryst.BulletinBoard;
				PRODUCT_NAME = "$(TARGET_NAME)";
				SWIFT_VERSION = 3.0;
			};
			name = Release;
		};
/* End XCBuildConfiguration section */

/* Begin XCConfigurationList section */
		1F3DD0D91DC8FB4000FF741F /* Build configuration list for PBXProject "BulletinBoard" */ = {
			isa = XCConfigurationList;
			buildConfigurations = (
				1F3DD0EE1DC8FB4000FF741F /* Debug */,
				1F3DD0EF1DC8FB4000FF741F /* Release */,
			);
			defaultConfigurationIsVisible = 0;
			defaultConfigurationName = Release;
		};
		1F3DD0F01DC8FB4000FF741F /* Build configuration list for PBXNativeTarget "BulletinBoard" */ = {
			isa = XCConfigurationList;
			buildConfigurations = (
				1F3DD0F11DC8FB4000FF741F /* Debug */,
				1F3DD0F21DC8FB4000FF741F /* Release */,
			);
			defaultConfigurationIsVisible = 0;
		};
/* End XCConfigurationList section */
	};
	rootObject = 1F3DD0D61DC8FB4000FF741F /* Project object */;
}
